
Microsoft Visual Studio Solution File, Format Version 12.00
# Visual Studio Version 16
VisualStudioVersion = 16.0.31321.278
MinimumVisualStudioVersion = 10.0.40219.1
Project("{FAE04EC0-301F-11D3-BF4B-00C04F79EFBC}") = "sidecar-filewatcher", "sidecar-filewatcher\sidecar-filewatcher.csproj", "{2CC227B0-83AF-47C3-8468-C11EC80A4297}"
EndProject
Global
	GlobalSection(SolutionConfigurationPlatforms) = preSolution
		Debug|Any CPU = Debug|Any CPU
		Release|Any CPU = Release|Any CPU
	EndGlobalSection
	GlobalSection(ProjectConfigurationPlatforms) = postSolution
		{2CC227B0-83AF-47C3-8468-C11EC80A4297}.Debug|Any CPU.ActiveCfg = Debug|Any CPU
		{2CC227B0-83AF-47C3-8468-C11EC80A4297}.Debug|Any CPU.Build.0 = Debug|Any CPU
		{2CC227B0-83AF-47C3-8468-C11EC80A4297}.Release|Any CPU.ActiveCfg = Release|Any CPU
		{2CC227B0-83AF-47C3-8468-C11EC80A4297}.Release|Any CPU.Build.0 = Release|Any CPU
	EndGlobalSection
	GlobalSection(SolutionProperties) = preSolution
		HideSolutionNode = FALSE
	EndGlobalSection
	GlobalSection(ExtensibilityGlobals) = postSolution
		SolutionGuid = {08D60518-883D-41DD-BE1E-EC16F05B573E}
	EndGlobalSection
EndGlobal
